
Microsoft Visual Studio Solution File, Format Version 12.00
# Visual Studio Version 17
VisualStudioVersion = 17.0.31903.59
MinimumVisualStudioVersion = 10.0.40219.1
Project("{2150E333-8FDC-42A3-9474-1A3956D46DE8}") = "src", "src", "{3F3EE4DB-9352-4D3D-8BDE-F61A3A180B61}"
EndProject
Project("{FAE04EC0-301F-11D3-BF4B-00C04F79EFBC}") = "AuctionService", "src\AuctionService\AuctionService.csproj", "{31B78CCB-A80B-4F2B-B62B-2A8F8B93C3C0}"
EndProject
Project("{FAE04EC0-301F-11D3-BF4B-00C04F79EFBC}") = "SearchService", "src\SearchService\SearchService.csproj", "{02ADE48F-76A5-4FFE-9808-5866C47930D5}"
EndProject
Project("{FAE04EC0-301F-11D3-BF4B-00C04F79EFBC}") = "Contracts", "src\Contracts\Contracts.csproj", "{43215256-0A83-491F-984A-52ED26C440AF}"
EndProject
Project("{FAE04EC0-301F-11D3-BF4B-00C04F79EFBC}") = "IdentityService", "src\IdentityService\IdentityService.csproj", "{64E8270F-2B8E-4EE1-AFC0-BB34A68E03FF}"
EndProject
Project("{FAE04EC0-301F-11D3-BF4B-00C04F79EFBC}") = "GatewayService", "src\GatewayService\GatewayService.csproj", "{70E5EA4B-D56B-46E4-BF99-AE1624154921}"
EndProject
Project("{2150E333-8FDC-42A3-9474-1A3956D46DE8}") = "tests", "tests", "{0AB3BF05-4346-4AA6-1389-037BE0695223}"
EndProject
Project("{FAE04EC0-301F-11D3-BF4B-00C04F79EFBC}") = "AuctionService.UnitTests", "tests\AuctionService.UnitTests\AuctionService.UnitTests.csproj", "{2B7FB91E-6837-427E-AF6B-903A1D1490FE}"
EndProject
Project("{FAE04EC0-301F-11D3-BF4B-00C04F79EFBC}") = "AuctionService.IntegrationTests", "tests\AuctionService.IntegrationTests\AuctionService.IntegrationTests.csproj", "{91163888-D6E5-4E71-B299-2867D90751FC}"
EndProject
Project("{FAE04EC0-301F-11D3-BF4B-00C04F79EFBC}") = "BiddingService", "src\BiddingService\BiddingService.csproj", "{CBF79828-879A-4603-8EB2-F4645FE36C41}"
EndProject
Global
	GlobalSection(SolutionConfigurationPlatforms) = preSolution
		Debug|Any CPU = Debug|Any CPU
		Debug|x64 = Debug|x64
		Debug|x86 = Debug|x86
		Release|Any CPU = Release|Any CPU
		Release|x64 = Release|x64
		Release|x86 = Release|x86
	EndGlobalSection
	GlobalSection(ProjectConfigurationPlatforms) = postSolution
		{31B78CCB-A80B-4F2B-B62B-2A8F8B93C3C0}.Debug|Any CPU.ActiveCfg = Debug|Any CPU
		{31B78CCB-A80B-4F2B-B62B-2A8F8B93C3C0}.Debug|Any CPU.Build.0 = Debug|Any CPU
		{31B78CCB-A80B-4F2B-B62B-2A8F8B93C3C0}.Debug|x64.ActiveCfg = Debug|Any CPU
		{31B78CCB-A80B-4F2B-B62B-2A8F8B93C3C0}.Debug|x64.Build.0 = Debug|Any CPU
		{31B78CCB-A80B-4F2B-B62B-2A8F8B93C3C0}.Debug|x86.ActiveCfg = Debug|Any CPU
		{31B78CCB-A80B-4F2B-B62B-2A8F8B93C3C0}.Debug|x86.Build.0 = Debug|Any CPU
		{31B78CCB-A80B-4F2B-B62B-2A8F8B93C3C0}.Release|Any CPU.ActiveCfg = Release|Any CPU
		{31B78CCB-A80B-4F2B-B62B-2A8F8B93C3C0}.Release|Any CPU.Build.0 = Release|Any CPU
		{31B78CCB-A80B-4F2B-B62B-2A8F8B93C3C0}.Release|x64.ActiveCfg = Release|Any CPU
		{31B78CCB-A80B-4F2B-B62B-2A8F8B93C3C0}.Release|x64.Build.0 = Release|Any CPU
		{31B78CCB-A80B-4F2B-B62B-2A8F8B93C3C0}.Release|x86.ActiveCfg = Release|Any CPU
		{31B78CCB-A80B-4F2B-B62B-2A8F8B93C3C0}.Release|x86.Build.0 = Release|Any CPU
		{02ADE48F-76A5-4FFE-9808-5866C47930D5}.Debug|Any CPU.ActiveCfg = Debug|Any CPU
		{02ADE48F-76A5-4FFE-9808-5866C47930D5}.Debug|Any CPU.Build.0 = Debug|Any CPU
		{02ADE48F-76A5-4FFE-9808-5866C47930D5}.Debug|x64.ActiveCfg = Debug|Any CPU
		{02ADE48F-76A5-4FFE-9808-5866C47930D5}.Debug|x64.Build.0 = Debug|Any CPU
		{02ADE48F-76A5-4FFE-9808-5866C47930D5}.Debug|x86.ActiveCfg = Debug|Any CPU
		{02ADE48F-76A5-4FFE-9808-5866C47930D5}.Debug|x86.Build.0 = Debug|Any CPU
		{02ADE48F-76A5-4FFE-9808-5866C47930D5}.Release|Any CPU.ActiveCfg = Release|Any CPU
		{02ADE48F-76A5-4FFE-9808-5866C47930D5}.Release|Any CPU.Build.0 = Release|Any CPU
		{02ADE48F-76A5-4FFE-9808-5866C47930D5}.Release|x64.ActiveCfg = Release|Any CPU
		{02ADE48F-76A5-4FFE-9808-5866C47930D5}.Release|x64.Build.0 = Release|Any CPU
		{02ADE48F-76A5-4FFE-9808-5866C47930D5}.Release|x86.ActiveCfg = Release|Any CPU
		{02ADE48F-76A5-4FFE-9808-5866C47930D5}.Release|x86.Build.0 = Release|Any CPU
		{43215256-0A83-491F-984A-52ED26C440AF}.Debug|Any CPU.ActiveCfg = Debug|Any CPU
		{43215256-0A83-491F-984A-52ED26C440AF}.Debug|Any CPU.Build.0 = Debug|Any CPU
		{43215256-0A83-491F-984A-52ED26C440AF}.Debug|x64.ActiveCfg = Debug|Any CPU
		{43215256-0A83-491F-984A-52ED26C440AF}.Debug|x64.Build.0 = Debug|Any CPU
		{43215256-0A83-491F-984A-52ED26C440AF}.Debug|x86.ActiveCfg = Debug|Any CPU
		{43215256-0A83-491F-984A-52ED26C440AF}.Debug|x86.Build.0 = Debug|Any CPU
		{43215256-0A83-491F-984A-52ED26C440AF}.Release|Any CPU.ActiveCfg = Release|Any CPU
		{43215256-0A83-491F-984A-52ED26C440AF}.Release|Any CPU.Build.0 = Release|Any CPU
		{43215256-0A83-491F-984A-52ED26C440AF}.Release|x64.ActiveCfg = Release|Any CPU
		{43215256-0A83-491F-984A-52ED26C440AF}.Release|x64.Build.0 = Release|Any CPU
		{43215256-0A83-491F-984A-52ED26C440AF}.Release|x86.ActiveCfg = Release|Any CPU
		{43215256-0A83-491F-984A-52ED26C440AF}.Release|x86.Build.0 = Release|Any CPU
		{64E8270F-2B8E-4EE1-AFC0-BB34A68E03FF}.Debug|Any CPU.ActiveCfg = Debug|Any CPU
		{64E8270F-2B8E-4EE1-AFC0-BB34A68E03FF}.Debug|Any CPU.Build.0 = Debug|Any CPU
		{64E8270F-2B8E-4EE1-AFC0-BB34A68E03FF}.Debug|x64.ActiveCfg = Debug|Any CPU
		{64E8270F-2B8E-4EE1-AFC0-BB34A68E03FF}.Debug|x64.Build.0 = Debug|Any CPU
		{64E8270F-2B8E-4EE1-AFC0-BB34A68E03FF}.Debug|x86.ActiveCfg = Debug|Any CPU
		{64E8270F-2B8E-4EE1-AFC0-BB34A68E03FF}.Debug|x86.Build.0 = Debug|Any CPU
		{64E8270F-2B8E-4EE1-AFC0-BB34A68E03FF}.Release|Any CPU.ActiveCfg = Release|Any CPU
		{64E8270F-2B8E-4EE1-AFC0-BB34A68E03FF}.Release|Any CPU.Build.0 = Release|Any CPU
		{64E8270F-2B8E-4EE1-AFC0-BB34A68E03FF}.Release|x64.ActiveCfg = Release|Any CPU
		{64E8270F-2B8E-4EE1-AFC0-BB34A68E03FF}.Release|x64.Build.0 = Release|Any CPU
		{64E8270F-2B8E-4EE1-AFC0-BB34A68E03FF}.Release|x86.ActiveCfg = Release|Any CPU
		{64E8270F-2B8E-4EE1-AFC0-BB34A68E03FF}.Release|x86.Build.0 = Release|Any CPU
		{70E5EA4B-D56B-46E4-BF99-AE1624154921}.Debug|Any CPU.ActiveCfg = Debug|Any CPU
		{70E5EA4B-D56B-46E4-BF99-AE1624154921}.Debug|Any CPU.Build.0 = Debug|Any CPU
		{70E5EA4B-D56B-46E4-BF99-AE1624154921}.Debug|x64.ActiveCfg = Debug|Any CPU
		{70E5EA4B-D56B-46E4-BF99-AE1624154921}.Debug|x64.Build.0 = Debug|Any CPU
		{70E5EA4B-D56B-46E4-BF99-AE1624154921}.Debug|x86.ActiveCfg = Debug|Any CPU
		{70E5EA4B-D56B-46E4-BF99-AE1624154921}.Debug|x86.Build.0 = Debug|Any CPU
		{70E5EA4B-D56B-46E4-BF99-AE1624154921}.Release|Any CPU.ActiveCfg = Release|Any CPU
		{70E5EA4B-D56B-46E4-BF99-AE1624154921}.Release|Any CPU.Build.0 = Release|Any CPU
		{70E5EA4B-D56B-46E4-BF99-AE1624154921}.Release|x64.ActiveCfg = Release|Any CPU
		{70E5EA4B-D56B-46E4-BF99-AE1624154921}.Release|x64.Build.0 = Release|Any CPU
		{70E5EA4B-D56B-46E4-BF99-AE1624154921}.Release|x86.ActiveCfg = Release|Any CPU
		{70E5EA4B-D56B-46E4-BF99-AE1624154921}.Release|x86.Build.0 = Release|Any CPU
		{2B7FB91E-6837-427E-AF6B-903A1D1490FE}.Debug|Any CPU.ActiveCfg = Debug|Any CPU
		{2B7FB91E-6837-427E-AF6B-903A1D1490FE}.Debug|Any CPU.Build.0 = Debug|Any CPU
		{2B7FB91E-6837-427E-AF6B-903A1D1490FE}.Debug|x64.ActiveCfg = Debug|Any CPU
		{2B7FB91E-6837-427E-AF6B-903A1D1490FE}.Debug|x64.Build.0 = Debug|Any CPU
		{2B7FB91E-6837-427E-AF6B-903A1D1490FE}.Debug|x86.ActiveCfg = Debug|Any CPU
		{2B7FB91E-6837-427E-AF6B-903A1D1490FE}.Debug|x86.Build.0 = Debug|Any CPU
		{2B7FB91E-6837-427E-AF6B-903A1D1490FE}.Release|Any CPU.ActiveCfg = Release|Any CPU
		{2B7FB91E-6837-427E-AF6B-903A1D1490FE}.Release|Any CPU.Build.0 = Release|Any CPU
		{2B7FB91E-6837-427E-AF6B-903A1D1490FE}.Release|x64.ActiveCfg = Release|Any CPU
		{2B7FB91E-6837-427E-AF6B-903A1D1490FE}.Release|x64.Build.0 = Release|Any CPU
		{2B7FB91E-6837-427E-AF6B-903A1D1490FE}.Release|x86.ActiveCfg = Release|Any CPU
		{2B7FB91E-6837-427E-AF6B-903A1D1490FE}.Release|x86.Build.0 = Release|Any CPU
		{91163888-D6E5-4E71-B299-2867D90751FC}.Debug|Any CPU.ActiveCfg = Debug|Any CPU
		{91163888-D6E5-4E71-B299-2867D90751FC}.Debug|Any CPU.Build.0 = Debug|Any CPU
		{91163888-D6E5-4E71-B299-2867D90751FC}.Debug|x64.ActiveCfg = Debug|Any CPU
		{91163888-D6E5-4E71-B299-2867D90751FC}.Debug|x64.Build.0 = Debug|Any CPU
		{91163888-D6E5-4E71-B299-2867D90751FC}.Debug|x86.ActiveCfg = Debug|Any CPU
		{91163888-D6E5-4E71-B299-2867D90751FC}.Debug|x86.Build.0 = Debug|Any CPU
		{91163888-D6E5-4E71-B299-2867D90751FC}.Release|Any CPU.ActiveCfg = Release|Any CPU
		{91163888-D6E5-4E71-B299-2867D90751FC}.Release|Any CPU.Build.0 = Release|Any CPU
		{91163888-D6E5-4E71-B299-2867D90751FC}.Release|x64.ActiveCfg = Release|Any CPU
		{91163888-D6E5-4E71-B299-2867D90751FC}.Release|x64.Build.0 = Release|Any CPU
		{91163888-D6E5-4E71-B299-2867D90751FC}.Release|x86.ActiveCfg = Release|Any CPU
		{91163888-D6E5-4E71-B299-2867D90751FC}.Release|x86.Build.0 = Release|Any CPU
		{CBF79828-879A-4603-8EB2-F4645FE36C41}.Debug|Any CPU.ActiveCfg = Debug|Any CPU
		{CBF79828-879A-4603-8EB2-F4645FE36C41}.Debug|Any CPU.Build.0 = Debug|Any CPU
		{CBF79828-879A-4603-8EB2-F4645FE36C41}.Debug|x64.ActiveCfg = Debug|Any CPU
		{CBF79828-879A-4603-8EB2-F4645FE36C41}.Debug|x64.Build.0 = Debug|Any CPU
		{CBF79828-879A-4603-8EB2-F4645FE36C41}.Debug|x86.ActiveCfg = Debug|Any CPU
		{CBF79828-879A-4603-8EB2-F4645FE36C41}.Debug|x86.Build.0 = Debug|Any CPU
		{CBF79828-879A-4603-8EB2-F4645FE36C41}.Release|Any CPU.ActiveCfg = Release|Any CPU
		{CBF79828-879A-4603-8EB2-F4645FE36C41}.Release|Any CPU.Build.0 = Release|Any CPU
		{CBF79828-879A-4603-8EB2-F4645FE36C41}.Release|x64.ActiveCfg = Release|Any CPU
		{CBF79828-879A-4603-8EB2-F4645FE36C41}.Release|x64.Build.0 = Release|Any CPU
		{CBF79828-879A-4603-8EB2-F4645FE36C41}.Release|x86.ActiveCfg = Release|Any CPU
		{CBF79828-879A-4603-8EB2-F4645FE36C41}.Release|x86.Build.0 = Release|Any CPU
	EndGlobalSection
	GlobalSection(SolutionProperties) = preSolution
		HideSolutionNode = FALSE
	EndGlobalSection
	GlobalSection(NestedProjects) = preSolution
		{31B78CCB-A80B-4F2B-B62B-2A8F8B93C3C0} = {3F3EE4DB-9352-4D3D-8BDE-F61A3A180B61}
		{02ADE48F-76A5-4FFE-9808-5866C47930D5} = {3F3EE4DB-9352-4D3D-8BDE-F61A3A180B61}
		{43215256-0A83-491F-984A-52ED26C440AF} = {3F3EE4DB-9352-4D3D-8BDE-F61A3A180B61}
		{64E8270F-2B8E-4EE1-AFC0-BB34A68E03FF} = {3F3EE4DB-9352-4D3D-8BDE-F61A3A180B61}
		{70E5EA4B-D56B-46E4-BF99-AE1624154921} = {3F3EE4DB-9352-4D3D-8BDE-F61A3A180B61}
		{2B7FB91E-6837-427E-AF6B-903A1D1490FE} = {0AB3BF05-4346-4AA6-1389-037BE0695223}
		{91163888-D6E5-4E71-B299-2867D90751FC} = {0AB3BF05-4346-4AA6-1389-037BE0695223}
		{CBF79828-879A-4603-8EB2-F4645FE36C41} = {3F3EE4DB-9352-4D3D-8BDE-F61A3A180B61}
	EndGlobalSection
EndGlobal
